
Microsoft Visual Studio Solution File, Format Version 12.00
# Visual Studio Version 16
VisualStudioVersion = 25.0.1705.4
MinimumVisualStudioVersion = 10.0.40219.1
Project("{FAE04EC0-301F-11D3-BF4B-00C04F79EFBC}") = "StaticExercise", "StaticExercise.csproj", "{45323A59-1725-4D63-A6AC-D4FFAA52E5A8}"
EndProject
Global
	GlobalSection(SolutionConfigurationPlatforms) = preSolution
		Debug|Any CPU = Debug|Any CPU
		Release|Any CPU = Release|Any CPU
	EndGlobalSection
	GlobalSection(ProjectConfigurationPlatforms) = postSolution
		{45323A59-1725-4D63-A6AC-D4FFAA52E5A8}.Debug|Any CPU.ActiveCfg = Debug|Any CPU
		{45323A59-1725-4D63-A6AC-D4FFAA52E5A8}.Debug|Any CPU.Build.0 = Debug|Any CPU
		{45323A59-1725-4D63-A6AC-D4FFAA52E5A8}.Release|Any CPU.ActiveCfg = Release|Any CPU
		{45323A59-1725-4D63-A6AC-D4FFAA52E5A8}.Release|Any CPU.Build.0 = Release|Any CPU
	EndGlobalSection
	GlobalSection(SolutionProperties) = preSolution
		HideSolutionNode = FALSE
	EndGlobalSection
	GlobalSection(ExtensibilityGlobals) = postSolution
		SolutionGuid = {0A25479B-8544-4349-BF67-CA994433C07F}
	EndGlobalSection
EndGlobal
